
Microsoft Visual Studio Solution File, Format Version 12.00
# Visual Studio Version 16
VisualStudioVersion = 16.0.29009.5
MinimumVisualStudioVersion = 10.0.40219.1
Project("{FAE04EC0-301F-11D3-BF4B-00C04F79EFBC}") = "GroupA.Web", "GroupA.Web\GroupA.Web.csproj", "{136FDB64-637B-4739-88C3-61499080EF18}"
EndProject
Project("{FAE04EC0-301F-11D3-BF4B-00C04F79EFBC}") = "GroupA.Dominio", "GroupA.Dominio\GroupA.Dominio.csproj", "{ACFECAD7-A4AF-4F04-9495-45B7914D0EC2}"
EndProject
Global
	GlobalSection(SolutionConfigurationPlatforms) = preSolution
		Debug|Any CPU = Debug|Any CPU
		Release|Any CPU = Release|Any CPU
	EndGlobalSection
	GlobalSection(ProjectConfigurationPlatforms) = postSolution
		{136FDB64-637B-4739-88C3-61499080EF18}.Debug|Any CPU.ActiveCfg = Debug|Any CPU
		{136FDB64-637B-4739-88C3-61499080EF18}.Debug|Any CPU.Build.0 = Debug|Any CPU
		{136FDB64-637B-4739-88C3-61499080EF18}.Release|Any CPU.ActiveCfg = Release|Any CPU
		{136FDB64-637B-4739-88C3-61499080EF18}.Release|Any CPU.Build.0 = Release|Any CPU
		{ACFECAD7-A4AF-4F04-9495-45B7914D0EC2}.Debug|Any CPU.ActiveCfg = Debug|Any CPU
		{ACFECAD7-A4AF-4F04-9495-45B7914D0EC2}.Debug|Any CPU.Build.0 = Debug|Any CPU
		{ACFECAD7-A4AF-4F04-9495-45B7914D0EC2}.Release|Any CPU.ActiveCfg = Release|Any CPU
		{ACFECAD7-A4AF-4F04-9495-45B7914D0EC2}.Release|Any CPU.Build.0 = Release|Any CPU
	EndGlobalSection
	GlobalSection(SolutionProperties) = preSolution
		HideSolutionNode = FALSE
	EndGlobalSection
	GlobalSection(ExtensibilityGlobals) = postSolution
		SolutionGuid = {2E5D5837-E470-4A0A-A2D5-6C24CA3BF237}
	EndGlobalSection
EndGlobal
